// !$*UTF8*$!
{
	archiveVersion = 1;
	classes = {
	};
	objectVersion = 46;
	objects = {

/* Begin PBXBuildFile section */
		6515F6541A7AC326000B7D4A /* AppDelegate.swift in Sources */ = {isa = PBXBuildFile; fileRef = 6515F6531A7AC326000B7D4A /* AppDelegate.swift */; };
		6515F6561A7AC326000B7D4A /* ViewController.swift in Sources */ = {isa = PBXBuildFile; fileRef = 6515F6551A7AC326000B7D4A /* ViewController.swift */; };
		6515F6591A7AC326000B7D4A /* Main.storyboard in Resources */ = {isa = PBXBuildFile; fileRef = 6515F6571A7AC326000B7D4A /* Main.storyboard */; };
		6515F65B1A7AC326000B7D4A /* Images.xcassets in Resources */ = {isa = PBXBuildFile; fileRef = 6515F65A1A7AC326000B7D4A /* Images.xcassets */; };
		6515F65E1A7AC326000B7D4A /* LaunchScreen.xib in Resources */ = {isa = PBXBuildFile; fileRef = 6515F65C1A7AC326000B7D4A /* LaunchScreen.xib */; };
		6515F66A1A7AC326000B7D4A /* ios_openglTests.swift in Sources */ = {isa = PBXBuildFile; fileRef = 6515F6691A7AC326000B7D4A /* ios_openglTests.swift */; };
/* End PBXBuildFile section */

/* Begin PBXContainerItemProxy section */
		6515F6641A7AC326000B7D4A /* PBXContainerItemProxy */ = {
			isa = PBXContainerItemProxy;
			containerPortal = 6515F6461A7AC326000B7D4A /* Project object */;
			proxyType = 1;
			remoteGlobalIDString = 6515F64D1A7AC326000B7D4A;
			remoteInfo = "ios-opengl";
		};
/* End PBXContainerItemProxy section */

/* Begin PBXFileReference section */
		6515F64E1A7AC326000B7D4A /* ios-opengl.app */ = {isa = PBXFileReference; explicitFileType = wrapper.application; includeInIndex = 0; path = "ios-opengl.app"; sourceTree = BUILT_PRODUCTS_DIR; };
		6515F6521A7AC326000B7D4A /* Info.plist */ = {isa = PBXFileReference; lastKnownFileType = text.plist.xml; path = Info.plist; sourceTree = "<group>"; };
		6515F6531A7AC326000B7D4A /* AppDelegate.swift */ = {isa = PBXFileReference; lastKnownFileType = sourcecode.swift; path = AppDelegate.swift; sourceTree = "<group>"; };
		6515F6551A7AC326000B7D4A /* ViewController.swift */ = {isa = PBXFileReference; lastKnownFileType = sourcecode.swift; path = ViewController.swift; sourceTree = "<group>"; };
		6515F6581A7AC326000B7D4A /* Base */ = {isa = PBXFileReference; lastKnownFileType = file.storyboard; name = Base; path = Base.lproj/Main.storyboard; sourceTree = "<group>"; };
		6515F65A1A7AC326000B7D4A /* Images.xcassets */ = {isa = PBXFileReference; lastKnownFileType = folder.assetcatalog; path = Images.xcassets; sourceTree = "<group>"; };
		6515F65D1A7AC326000B7D4A /* Base */ = {isa = PBXFileReference; lastKnownFileType = file.xib; name = Base; path = Base.lproj/LaunchScreen.xib; sourceTree = "<group>"; };
		6515F6631A7AC326000B7D4A /* ios-openglTests.xctest */ = {isa = PBXFileReference; explicitFileType = wrapper.cfbundle; includeInIndex = 0; path = "ios-openglTests.xctest"; sourceTree = BUILT_PRODUCTS_DIR; };
		6515F6681A7AC326000B7D4A /* Info.plist */ = {isa = PBXFileReference; lastKnownFileType = text.plist.xml; path = Info.plist; sourceTree = "<group>"; };
		6515F6691A7AC326000B7D4A /* ios_openglTests.swift */ = {isa = PBXFileReference; lastKnownFileType = sourcecode.swift; path = ios_openglTests.swift; sourceTree = "<group>"; };
/* End PBXFileReference section */

/* Begin PBXFrameworksBuildPhase section */
		6515F64B1A7AC326000B7D4A /* Frameworks */ = {
			isa = PBXFrameworksBuildPhase;
			buildActionMask = 2147483647;
			files = (
			);
			runOnlyForDeploymentPostprocessing = 0;
		};
		6515F6601A7AC326000B7D4A /* Frameworks */ = {
			isa = PBXFrameworksBuildPhase;
			buildActionMask = 2147483647;
			files = (
			);
			runOnlyForDeploymentPostprocessing = 0;
		};
/* End PBXFrameworksBuildPhase section */

/* Begin PBXGroup section */
		6515F6451A7AC326000B7D4A = {
			isa = PBXGroup;
			children = (
				6515F6501A7AC326000B7D4A /* ios-opengl */,
				6515F6661A7AC326000B7D4A /* ios-openglTests */,
				6515F64F1A7AC326000B7D4A /* Products */,
			);
			sourceTree = "<group>";
		};
		6515F64F1A7AC326000B7D4A /* Products */ = {
			isa = PBXGroup;
			children = (
				6515F64E1A7AC326000B7D4A /* ios-opengl.app */,
				6515F6631A7AC326000B7D4A /* ios-openglTests.xctest */,
			);
			name = Products;
			sourceTree = "<group>";
		};
		6515F6501A7AC326000B7D4A /* ios-opengl */ = {
			isa = PBXGroup;
			children = (
				6515F6531A7AC326000B7D4A /* AppDelegate.swift */,
				6515F6551A7AC326000B7D4A /* ViewController.swift */,
				6515F6571A7AC326000B7D4A /* Main.storyboard */,
				6515F65A1A7AC326000B7D4A /* Images.xcassets */,
				6515F65C1A7AC326000B7D4A /* LaunchScreen.xib */,
				6515F6511A7AC326000B7D4A /* Supporting Files */,
			);
			path = "ios-opengl";
			sourceTree = "<group>";
		};
		6515F6511A7AC326000B7D4A /* Supporting Files */ = {
			isa = PBXGroup;
			children = (
				6515F6521A7AC326000B7D4A /* Info.plist */,
			);
			name = "Supporting Files";
			sourceTree = "<group>";
		};
		6515F6661A7AC326000B7D4A /* ios-openglTests */ = {
			isa = PBXGroup;
			children = (
				6515F6691A7AC326000B7D4A /* ios_openglTests.swift */,
				6515F6671A7AC326000B7D4A /* Supporting Files */,
			);
			path = "ios-openglTests";
			sourceTree = "<group>";
		};
		6515F6671A7AC326000B7D4A /* Supporting Files */ = {
			isa = PBXGroup;
			children = (
				6515F6681A7AC326000B7D4A /* Info.plist */,
			);
			name = "Supporting Files";
			sourceTree = "<group>";
		};
/* End PBXGroup section */

/* Begin PBXNativeTarget section */
		6515F64D1A7AC326000B7D4A /* ios-opengl */ = {
			isa = PBXNativeTarget;
			buildConfigurationList = 6515F66D1A7AC326000B7D4A /* Build configuration list for PBXNativeTarget "ios-opengl" */;
			buildPhases = (
				6515F64A1A7AC326000B7D4A /* Sources */,
				6515F64B1A7AC326000B7D4A /* Frameworks */,
				6515F64C1A7AC326000B7D4A /* Resources */,
			);
			buildRules = (
			);
			dependencies = (
			);
			name = "ios-opengl";
			productName = "ios-opengl";
			productReference = 6515F64E1A7AC326000B7D4A /* ios-opengl.app */;
			productType = "com.apple.product-type.application";
		};
		6515F6621A7AC326000B7D4A /* ios-openglTests */ = {
			isa = PBXNativeTarget;
			buildConfigurationList = 6515F6701A7AC326000B7D4A /* Build configuration list for PBXNativeTarget "ios-openglTests" */;
			buildPhases = (
				6515F65F1A7AC326000B7D4A /* Sources */,
				6515F6601A7AC326000B7D4A /* Frameworks */,
				6515F6611A7AC326000B7D4A /* Resources */,
			);
			buildRules = (
			);
			dependencies = (
				6515F6651A7AC326000B7D4A /* PBXTargetDependency */,
			);
			name = "ios-openglTests";
			productName = "ios-openglTests";
			productReference = 6515F6631A7AC326000B7D4A /* ios-openglTests.xctest */;
			productType = "com.apple.product-type.bundle.unit-test";
		};
/* End PBXNativeTarget section */

/* Begin PBXProject section */
		6515F6461A7AC326000B7D4A /* Project object */ = {
			isa = PBXProject;
			attributes = {
				LastUpgradeCheck = 0610;
				ORGANIZATIONNAME = "Daniel Smith";
				TargetAttributes = {
					6515F64D1A7AC326000B7D4A = {
						CreatedOnToolsVersion = 6.1.1;
					};
					6515F6621A7AC326000B7D4A = {
						CreatedOnToolsVersion = 6.1.1;
						TestTargetID = 6515F64D1A7AC326000B7D4A;
					};
				};
			};
			buildConfigurationList = 6515F6491A7AC326000B7D4A /* Build configuration list for PBXProject "ios-opengl" */;
			compatibilityVersion = "Xcode 3.2";
			developmentRegion = English;
			hasScannedForEncodings = 0;
			knownRegions = (
				en,
				Base,
			);
			mainGroup = 6515F6451A7AC326000B7D4A;
			productRefGroup = 6515F64F1A7AC326000B7D4A /* Products */;
			projectDirPath = "";
			projectRoot = "";
			targets = (
				6515F64D1A7AC326000B7D4A /* ios-opengl */,
				6515F6621A7AC326000B7D4A /* ios-openglTests */,
			);
		};
/* End PBXProject section */

/* Begin PBXResourcesBuildPhase section */
		6515F64C1A7AC326000B7D4A /* Resources */ = {
			isa = PBXResourcesBuildPhase;
			buildActionMask = 2147483647;
			files = (
				6515F6591A7AC326000B7D4A /* Main.storyboard in Resources */,
				6515F65E1A7AC326000B7D4A /* LaunchScreen.xib in Resources */,
				6515F65B1A7AC326000B7D4A /* Images.xcassets in Resources */,
			);
			runOnlyForDeploymentPostprocessing = 0;
		};
		6515F6611A7AC326000B7D4A /* Resources */ = {
			isa = PBXResourcesBuildPhase;
			buildActionMask = 2147483647;
			files = (
			);
			runOnlyForDeploymentPostprocessing = 0;
		};
/* End PBXResourcesBuildPhase section */

/* Begin PBXSourcesBuildPhase section */
		6515F64A1A7AC326000B7D4A /* Sources */ = {
			isa = PBXSourcesBuildPhase;
			buildActionMask = 2147483647;
			files = (
				6515F6561A7AC326000B7D4A /* ViewController.swift in Sources */,
				6515F6541A7AC326000B7D4A /* AppDelegate.swift in Sources */,
			);
			runOnlyForDeploymentPostprocessing = 0;
		};
		6515F65F1A7AC326000B7D4A /* Sources */ = {
			isa = PBXSourcesBuildPhase;
			buildActionMask = 2147483647;
			files = (
				6515F66A1A7AC326000B7D4A /* ios_openglTests.swift in Sources */,
			);
			runOnlyForDeploymentPostprocessing = 0;
		};
/* End PBXSourcesBuildPhase section */

/* Begin PBXTargetDependency section */
		6515F6651A7AC326000B7D4A /* PBXTargetDependency */ = {
			isa = PBXTargetDependency;
			target = 6515F64D1A7AC326000B7D4A /* ios-opengl */;
			targetProxy = 6515F6641A7AC326000B7D4A /* PBXContainerItemProxy */;
		};
/* End PBXTargetDependency section */

/* Begin PBXVariantGroup section */
		6515F6571A7AC326000B7D4A /* Main.storyboard */ = {
			isa = PBXVariantGroup;
			children = (
				6515F6581A7AC326000B7D4A /* Base */,
			);
			name = Main.storyboard;
			sourceTree = "<group>";
		};
		6515F65C1A7AC326000B7D4A /* LaunchScreen.xib */ = {
			isa = PBXVariantGroup;
			children = (
				6515F65D1A7AC326000B7D4A /* Base */,
			);
			name = LaunchScreen.xib;
			sourceTree = "<group>";
		};
/* End PBXVariantGroup section */

/* Begin XCBuildConfiguration section */
		6515F66B1A7AC326000B7D4A /* Debug */ = {
			isa = XCBuildConfiguration;
			buildSettings = {
				ALWAYS_SEARCH_USER_PATHS = NO;
				CLANG_CXX_LANGUAGE_STANDARD = "gnu++0x";
				CLANG_CXX_LIBRARY = "libc++";
				CLANG_ENABLE_MODULES = YES;
				CLANG_ENABLE_OBJC_ARC = YES;
				CLANG_WARN_BOOL_CONVERSION = YES;
				CLANG_WARN_CONSTANT_CONVERSION = YES;
				CLANG_WARN_DIRECT_OBJC_ISA_USAGE = YES_ERROR;
				CLANG_WARN_EMPTY_BODY = YES;
				CLANG_WARN_ENUM_CONVERSION = YES;
				CLANG_WARN_INT_CONVERSION = YES;
				CLANG_WARN_OBJC_ROOT_CLASS = YES_ERROR;
				CLANG_WARN_UNREACHABLE_CODE = YES;
				CLANG_WARN__DUPLICATE_METHOD_MATCH = YES;
				"CODE_SIGN_IDENTITY[sdk=iphoneos*]" = "iPhone Developer";
				COPY_PHASE_STRIP = NO;
				ENABLE_STRICT_OBJC_MSGSEND = YES;
				GCC_C_LANGUAGE_STANDARD = gnu99;
				GCC_DYNAMIC_NO_PIC = NO;
				GCC_OPTIMIZATION_LEVEL = 0;
				GCC_PREPROCESSOR_DEFINITIONS = (
					"DEBUG=1",
					"$(inherited)",
				);
				GCC_SYMBOLS_PRIVATE_EXTERN = NO;
				GCC_WARN_64_TO_32_BIT_CONVERSION = YES;
				GCC_WARN_ABOUT_RETURN_TYPE = YES_ERROR;
				GCC_WARN_UNDECLARED_SELECTOR = YES;
				GCC_WARN_UNINITIALIZED_AUTOS = YES_AGGRESSIVE;
				GCC_WARN_UNUSED_FUNCTION = YES;
				GCC_WARN_UNUSED_VARIABLE = YES;
				IPHONEOS_DEPLOYMENT_TARGET = 8.1;
				MTL_ENABLE_DEBUG_INFO = YES;
				ONLY_ACTIVE_ARCH = YES;
				SDKROOT = iphoneos;
				SWIFT_OPTIMIZATION_LEVEL = "-Onone";
				TARGETED_DEVICE_FAMILY = "1,2";
			};
			name = Debug;
		};
		6515F66C1A7AC326000B7D4A /* Release */ = {
			isa = XCBuildConfiguration;
			buildSettings = {
				ALWAYS_SEARCH_USER_PATHS = NO;
				CLANG_CXX_LANGUAGE_STANDARD = "gnu++0x";
				CLANG_CXX_LIBRARY = "libc++";
				CLANG_ENABLE_MODULES = YES;
				CLANG_ENABLE_OBJC_ARC = YES;
				CLANG_WARN_BOOL_CONVERSION = YES;
				CLANG_WARN_CONSTANT_CONVERSION = YES;
				CLANG_WARN_DIRECT_OBJC_ISA_USAGE = YES_ERROR;
				CLANG_WARN_EMPTY_BODY = YES;
				CLANG_WARN_ENUM_CONVERSION = YES;
				CLANG_WARN_INT_CONVERSION = YES;
				CLANG_WARN_OBJC_ROOT_CLASS = YES_ERROR;
				CLANG_WARN_UNREACHABLE_CODE = YES;
				CLANG_WARN__DUPLICATE_METHOD_MATCH = YES;
				"CODE_SIGN_IDENTITY[sdk=iphoneos*]" = "iPhone Developer";
				COPY_PHASE_STRIP = YES;
				ENABLE_NS_ASSERTIONS = NO;
				ENABLE_STRICT_OBJC_MSGSEND = YES;
				GCC_C_LANGUAGE_STANDARD = gnu99;
				GCC_WARN_64_TO_32_BIT_CONVERSION = YES;
				GCC_WARN_ABOUT_RETURN_TYPE = YES_ERROR;
				GCC_WARN_UNDECLARED_SELECTOR = YES;
				GCC_WARN_UNINITIALIZED_AUTOS = YES_AGGRESSIVE;
				GCC_WARN_UNUSED_FUNCTION = YES;
				GCC_WARN_UNUSED_VARIABLE = YES;
				IPHONEOS_DEPLOYMENT_TARGET = 8.1;
				MTL_ENABLE_DEBUG_INFO = NO;
				SDKROOT = iphoneos;
				TARGETED_DEVICE_FAMILY = "1,2";
				VALIDATE_PRODUCT = YES;
			};
			name = Release;
		};
		6515F66E1A7AC326000B7D4A /* Debug */ = {
			isa = XCBuildConfiguration;
			buildSettings = {
				ASSETCATALOG_COMPILER_APPICON_NAME = AppIcon;
				INFOPLIST_FILE = "ios-opengl/Info.plist";
				LD_RUNPATH_SEARCH_PATHS = "$(inherited) @executable_path/Frameworks";
				PRODUCT_NAME = "$(TARGET_NAME)";
			};
			name = Debug;
		};
		6515F66F1A7AC326000B7D4A /* Release */ = {
			isa = XCBuildConfiguration;
			buildSettings = {
				ASSETCATALOG_COMPILER_APPICON_NAME = AppIcon;
				INFOPLIST_FILE = "ios-opengl/Info.plist";
				LD_RUNPATH_SEARCH_PATHS = "$(inherited) @executable_path/Frameworks";
				PRODUCT_NAME = "$(TARGET_NAME)";
			};
			name = Release;
		};
		6515F6711A7AC326000B7D4A /* Debug */ = {
			isa = XCBuildConfiguration;
			buildSettings = {
				BUNDLE_LOADER = "$(TEST_HOST)";
				FRAMEWORK_SEARCH_PATHS = (
					"$(SDKROOT)/Developer/Library/Frameworks",
					"$(inherited)",
				);
				GCC_PREPROCESSOR_DEFINITIONS = (
					"DEBUG=1",
					"$(inherited)",
				);
				INFOPLIST_FILE = "ios-openglTests/Info.plist";
				LD_RUNPATH_SEARCH_PATHS = "$(inherited) @executable_path/Frameworks @loader_path/Frameworks";
				PRODUCT_NAME = "$(TARGET_NAME)";
				TEST_HOST = "$(BUILT_PRODUCTS_DIR)/ios-opengl.app/ios-opengl";
			};
			name = Debug;
		};
		6515F6721A7AC326000B7D4A /* Release */ = {
			isa = XCBuildConfiguration;
			buildSettings = {
				BUNDLE_LOADER = "$(TEST_HOST)";
				FRAMEWORK_SEARCH_PATHS = (
					"$(SDKROOT)/Developer/Library/Frameworks",
					"$(inherited)",
				);
				INFOPLIST_FILE = "ios-openglTests/Info.plist";
				LD_RUNPATH_SEARCH_PATHS = "$(inherited) @executable_path/Frameworks @loader_path/Frameworks";
				PRODUCT_NAME = "$(TARGET_NAME)";
				TEST_HOST = "$(BUILT_PRODUCTS_DIR)/ios-opengl.app/ios-opengl";
			};
			name = Release;
		};
/* End XCBuildConfiguration section */

/* Begin XCConfigurationList section */
		6515F6491A7AC326000B7D4A /* Build configuration list for PBXProject "ios-opengl" */ = {
			isa = XCConfigurationList;
			buildConfigurations = (
				6515F66B1A7AC326000B7D4A /* Debug */,
				6515F66C1A7AC326000B7D4A /* Release */,
			);
			defaultConfigurationIsVisible = 0;
			defaultConfigurationName = Release;
		};
		6515F66D1A7AC326000B7D4A /* Build configuration list for PBXNativeTarget "ios-opengl" */ = {
			isa = XCConfigurationList;
			buildConfigurations = (
				6515F66E1A7AC326000B7D4A /* Debug */,
				6515F66F1A7AC326000B7D4A /* Release */,
			);
			defaultConfigurationIsVisible = 0;
		};
		6515F6701A7AC326000B7D4A /* Build configuration list for PBXNativeTarget "ios-openglTests" */ = {
			isa = XCConfigurationList;
			buildConfigurations = (
				6515F6711A7AC326000B7D4A /* Debug */,
				6515F6721A7AC326000B7D4A /* Release */,
			);
			defaultConfigurationIsVisible = 0;
		};
/* End XCConfigurationList section */
	};
	rootObject = 6515F6461A7AC326000B7D4A /* Project object */;
}
